
Microsoft Visual Studio Solution File, Format Version 12.00
Project("{FAE04EC0-301F-11D3-BF4B-00C04F79EFBC}") = "MyNUnit", "MyNUnit\MyNUnit.csproj", "{1A320825-2FC8-48C3-945C-3BBEE103BEB2}"
EndProject
Project("{FAE04EC0-301F-11D3-BF4B-00C04F79EFBC}") = "MyNUnitTests", "MyNUnitTests\MyNUnitTests.csproj", "{47882788-5813-4C1F-A0A3-7318FB750E28}"
EndProject
Project("{FAE04EC0-301F-11D3-BF4B-00C04F79EFBC}") = "MyNUnitAttributes", "MyNUnitAttributes\MyNUnitAttributes.csproj", "{5B607CA2-4A72-43BE-AF44-BF5433624F10}"
EndProject
Project("{FAE04EC0-301F-11D3-BF4B-00C04F79EFBC}") = "MyNUnitTestProject", "MyNUnitTestProject\MyNUnitTestProject.csproj", "{A3956E60-16A1-439E-B828-34DD1FBB7821}"
EndProject
Global
	GlobalSection(SolutionConfigurationPlatforms) = preSolution
		Debug|Any CPU = Debug|Any CPU
		Release|Any CPU = Release|Any CPU
	EndGlobalSection
	GlobalSection(ProjectConfigurationPlatforms) = postSolution
		{1A320825-2FC8-48C3-945C-3BBEE103BEB2}.Debug|Any CPU.ActiveCfg = Debug|Any CPU
		{1A320825-2FC8-48C3-945C-3BBEE103BEB2}.Debug|Any CPU.Build.0 = Debug|Any CPU
		{1A320825-2FC8-48C3-945C-3BBEE103BEB2}.Release|Any CPU.ActiveCfg = Release|Any CPU
		{1A320825-2FC8-48C3-945C-3BBEE103BEB2}.Release|Any CPU.Build.0 = Release|Any CPU
		{47882788-5813-4C1F-A0A3-7318FB750E28}.Debug|Any CPU.ActiveCfg = Debug|Any CPU
		{47882788-5813-4C1F-A0A3-7318FB750E28}.Debug|Any CPU.Build.0 = Debug|Any CPU
		{47882788-5813-4C1F-A0A3-7318FB750E28}.Release|Any CPU.ActiveCfg = Release|Any CPU
		{47882788-5813-4C1F-A0A3-7318FB750E28}.Release|Any CPU.Build.0 = Release|Any CPU
		{5B607CA2-4A72-43BE-AF44-BF5433624F10}.Debug|Any CPU.ActiveCfg = Debug|Any CPU
		{5B607CA2-4A72-43BE-AF44-BF5433624F10}.Debug|Any CPU.Build.0 = Debug|Any CPU
		{5B607CA2-4A72-43BE-AF44-BF5433624F10}.Release|Any CPU.ActiveCfg = Release|Any CPU
		{5B607CA2-4A72-43BE-AF44-BF5433624F10}.Release|Any CPU.Build.0 = Release|Any CPU
		{A3956E60-16A1-439E-B828-34DD1FBB7821}.Debug|Any CPU.ActiveCfg = Debug|Any CPU
		{A3956E60-16A1-439E-B828-34DD1FBB7821}.Debug|Any CPU.Build.0 = Debug|Any CPU
		{A3956E60-16A1-439E-B828-34DD1FBB7821}.Release|Any CPU.ActiveCfg = Release|Any CPU
		{A3956E60-16A1-439E-B828-34DD1FBB7821}.Release|Any CPU.Build.0 = Release|Any CPU
	EndGlobalSection
EndGlobal
